{
  "name": "smartgym",
  "version": "0.1.0",
  "lockfileVersion": 3,
  "requires": true,
  "packages": {
    "": {
      "name": "smartgym",
      "version": "0.1.0",
      "dependencies": {
        "next": "14.2.5",
        "react": "18.3.1",
        "react-dom": "18.3.1"
      },
      "devDependencies": {
        "@types/node": "22.7.4",
        "@types/react": "18.3.10",
        "@types/react-dom": "18.3.0",
        "eslint": "8.57.0",
        "eslint-config-next": "14.2.5",
        "typescript": "5.6.3"
      }
    },
    "node_modules/@types/node": {
      "version": "22.7.4"
    },
    "node_modules/@types/react": {
      "version": "18.3.10"
    },
    "node_modules/@types/react-dom": {
      "version": "18.3.0"
    },
    "node_modules/eslint": {
      "version": "8.57.0"
    },
    "node_modules/eslint-config-next": {
      "version": "14.2.5"
    },
    "node_modules/next": {
      "version": "14.2.5"
    },
    "node_modules/react": {
      "version": "18.3.1"
    },
    "node_modules/react-dom": {
      "version": "18.3.1"
    },
    "node_modules/typescript": {
      "version": "5.6.3"
    }
  },
  "dependencies": {
    "next": {
      "version": "14.2.5",
      "requires": {
        "@next/env": "14.2.5",
        "@swc/helpers": "0.5.5",
        "busboy": "1.6.0",
        "caniuse-lite": "1.0.30001646",
        "graceful-fs": "4.2.11",
        "postcss": "8.4.31",
        "styled-jsx": "5.1.1"
      }
    },
    "react": {
      "version": "18.3.1"
    },
    "react-dom": {
      "version": "18.3.1",
      "requires": {
        "scheduler": "0.23.2"
      }
    },
    "@types/node": {
      "version": "22.7.4"
    },
    "@types/react": {
      "version": "18.3.10",
      "requires": {
        "@types/prop-types": "15.7.11",
        "csstype": "3.1.3"
      }
    },
    "@types/react-dom": {
      "version": "18.3.0",
      "requires": {
        "@types/react": "18.3.10"
      }
    },
    "eslint": {
      "version": "8.57.0",
      "requires": {
        "@eslint/js": "8.57.0",
        "ajv": "6.12.6",
        "chalk": "4.1.2",
        "cross-spawn": "7.0.3"
      }
    },
    "eslint-config-next": {
      "version": "14.2.5",
      "requires": {
        "@next/eslint-plugin-next": "14.2.5",
        "@rushstack/eslint-patch": "1.3.3",
        "@typescript-eslint/parser": "6.21.0",
        "eslint": "^8.0.0"
      }
    },
    "typescript": {
      "version": "5.6.3"
    }
  }
}
